Microsoft Visual Studio Solution File, Format Version 12.00
# Visual Studio Version 17
VisualStudioVersion = 17.5.2.0
MinimumVisualStudioVersion = 10.0.40219.1
Project("{FAE04EC0-301F-11D3-BF4B-00C04F79EFBC}") = "SistemaMedInt", "SistemaMedInt.csproj", "{B66D67DD-503D-7777-1A98-C867ECCDC4F9}"
EndProject
Global
	GlobalSection(SolutionConfigurationPlatforms) = preSolution
		Debug|Any CPU = Debug|Any CPU
		Release|Any CPU = Release|Any CPU
	EndGlobalSection
	GlobalSection(ProjectConfigurationPlatforms) = postSolution
		{B66D67DD-503D-7777-1A98-C867ECCDC4F9}.Debug|Any CPU.ActiveCfg = Debug|Any CPU
		{B66D67DD-503D-7777-1A98-C867ECCDC4F9}.Debug|Any CPU.Build.0 = Debug|Any CPU
		{B66D67DD-503D-7777-1A98-C867ECCDC4F9}.Release|Any CPU.ActiveCfg = Release|Any CPU
		{B66D67DD-503D-7777-1A98-C867ECCDC4F9}.Release|Any CPU.Build.0 = Release|Any CPU
	EndGlobalSection
	GlobalSection(SolutionProperties) = preSolution
		HideSolutionNode = FALSE
	EndGlobalSection
	GlobalSection(ExtensibilityGlobals) = postSolution
		SolutionGuid = {5F0DC5D7-17BC-41BE-8923-D24477FA3824}
	EndGlobalSection
EndGlobal
